// !$*UTF8*$!
{
	archiveVersion = 1;
	classes = {
	};
	objectVersion = 50;
	objects = {

/* Begin PBXBuildFile section */
		6B891216240AE73400CF1589 /* Album.swift in Sources */ = {isa = PBXBuildFile; fileRef = 6B891215240AE73400CF1589 /* Album.swift */; };
		6BB264F5240865D100929D57 /* AppDelegate.swift in Sources */ = {isa = PBXBuildFile; fileRef = 6BB264F4240865D100929D57 /* AppDelegate.swift */; };
		6BB264F7240865D100929D57 /* SceneDelegate.swift in Sources */ = {isa = PBXBuildFile; fileRef = 6BB264F6240865D100929D57 /* SceneDelegate.swift */; };
		6BB264FC240865D100929D57 /* Main.storyboard in Resources */ = {isa = PBXBuildFile; fileRef = 6BB264FA240865D100929D57 /* Main.storyboard */; };
		6BB264FE240865D200929D57 /* Assets.xcassets in Resources */ = {isa = PBXBuildFile; fileRef = 6BB264FD240865D200929D57 /* Assets.xcassets */; };
		6BB26501240865D200929D57 /* LaunchScreen.storyboard in Resources */ = {isa = PBXBuildFile; fileRef = 6BB264FF240865D200929D57 /* LaunchScreen.storyboard */; };
		6BB265162408855600929D57 /* SendSongPresenter.swift in Sources */ = {isa = PBXBuildFile; fileRef = 6BB265102408855600929D57 /* SendSongPresenter.swift */; };
		6BB265172408855600929D57 /* SendSongWorker.swift in Sources */ = {isa = PBXBuildFile; fileRef = 6BB265112408855600929D57 /* SendSongWorker.swift */; };
		6BB265182408855600929D57 /* SendSongRouter.swift in Sources */ = {isa = PBXBuildFile; fileRef = 6BB265122408855600929D57 /* SendSongRouter.swift */; };
		6BB265192408855600929D57 /* SendSongModels.swift in Sources */ = {isa = PBXBuildFile; fileRef = 6BB265132408855600929D57 /* SendSongModels.swift */; };
		6BB2651A2408855600929D57 /* SendSongViewController.swift in Sources */ = {isa = PBXBuildFile; fileRef = 6BB265142408855600929D57 /* SendSongViewController.swift */; };
		6BB2651B2408855600929D57 /* SendSongInteractor.swift in Sources */ = {isa = PBXBuildFile; fileRef = 6BB265152408855600929D57 /* SendSongInteractor.swift */; };
		6BB265312408874B00929D57 /* SendSongViewControllerTests.swift in Sources */ = {isa = PBXBuildFile; fileRef = 6BB2652D2408874B00929D57 /* SendSongViewControllerTests.swift */; };
		6BB265322408874B00929D57 /* SendSongInteractorTests.swift in Sources */ = {isa = PBXBuildFile; fileRef = 6BB2652E2408874B00929D57 /* SendSongInteractorTests.swift */; };
		6BB265332408874B00929D57 /* SendSongWorkerTests.swift in Sources */ = {isa = PBXBuildFile; fileRef = 6BB2652F2408874B00929D57 /* SendSongWorkerTests.swift */; };
		6BB265342408874B00929D57 /* SendSongPresenterTests.swift in Sources */ = {isa = PBXBuildFile; fileRef = 6BB265302408874B00929D57 /* SendSongPresenterTests.swift */; };
		6BB2653C2408AACF00929D57 /* SongSearchPresenter.swift in Sources */ = {isa = PBXBuildFile; fileRef = 6BB265362408AACF00929D57 /* SongSearchPresenter.swift */; };
		6BB2653D2408AACF00929D57 /* SongSearchWorker.swift in Sources */ = {isa = PBXBuildFile; fileRef = 6BB265372408AACF00929D57 /* SongSearchWorker.swift */; };
		6BB2653E2408AACF00929D57 /* SongSearchRouter.swift in Sources */ = {isa = PBXBuildFile; fileRef = 6BB265382408AACF00929D57 /* SongSearchRouter.swift */; };
		6BB2653F2408AACF00929D57 /* SongSearchModels.swift in Sources */ = {isa = PBXBuildFile; fileRef = 6BB265392408AACF00929D57 /* SongSearchModels.swift */; };
		6BB265402408AACF00929D57 /* SongSearchViewController.swift in Sources */ = {isa = PBXBuildFile; fileRef = 6BB2653A2408AACF00929D57 /* SongSearchViewController.swift */; };
		6BB265412408AACF00929D57 /* SongSearchInteractor.swift in Sources */ = {isa = PBXBuildFile; fileRef = 6BB2653B2408AACF00929D57 /* SongSearchInteractor.swift */; };
		6BB265472408AB2000929D57 /* SongSearchViewControllerTests.swift in Sources */ = {isa = PBXBuildFile; fileRef = 6BB265432408AB2000929D57 /* SongSearchViewControllerTests.swift */; };
		6BB265482408AB2000929D57 /* SongSearchInteractorTests.swift in Sources */ = {isa = PBXBuildFile; fileRef = 6BB265442408AB2000929D57 /* SongSearchInteractorTests.swift */; };
		6BB265492408AB2000929D57 /* SongSearchWorkerTests.swift in Sources */ = {isa = PBXBuildFile; fileRef = 6BB265452408AB2000929D57 /* SongSearchWorkerTests.swift */; };
		6BB2654A2408AB2000929D57 /* SongSearchPresenterTests.swift in Sources */ = {isa = PBXBuildFile; fileRef = 6BB265462408AB2000929D57 /* SongSearchPresenterTests.swift */; };
		6BB2654D2408BAC800929D57 /* ItunesData.swift in Sources */ = {isa = PBXBuildFile; fileRef = 6BB2654C2408BAC800929D57 /* ItunesData.swift */; };
		6BE757DC2409930600A09F26 /* Song.swift in Sources */ = {isa = PBXBuildFile; fileRef = 6BE757DB2409930600A09F26 /* Song.swift */; };
		6BE757F42409DB8200A09F26 /* ItunesManager.swift in Sources */ = {isa = PBXBuildFile; fileRef = 6BE757F32409DB8200A09F26 /* ItunesManager.swift */; };
		6BE757FC240A035800A09F26 /* SongAlbumPresenter.swift in Sources */ = {isa = PBXBuildFile; fileRef = 6BE757F6240A035800A09F26 /* SongAlbumPresenter.swift */; };
		6BE757FD240A035800A09F26 /* SongAlbumWorker.swift in Sources */ = {isa = PBXBuildFile; fileRef = 6BE757F7240A035800A09F26 /* SongAlbumWorker.swift */; };
		6BE757FE240A035800A09F26 /* SongAlbumRouter.swift in Sources */ = {isa = PBXBuildFile; fileRef = 6BE757F8240A035800A09F26 /* SongAlbumRouter.swift */; };
		6BE757FF240A035800A09F26 /* SongAlbumModels.swift in Sources */ = {isa = PBXBuildFile; fileRef = 6BE757F9240A035800A09F26 /* SongAlbumModels.swift */; };
		6BE75800240A035800A09F26 /* SongAlbumViewController.swift in Sources */ = {isa = PBXBuildFile; fileRef = 6BE757FA240A035800A09F26 /* SongAlbumViewController.swift */; };
		6BE75801240A035800A09F26 /* SongAlbumInteractor.swift in Sources */ = {isa = PBXBuildFile; fileRef = 6BE757FB240A035800A09F26 /* SongAlbumInteractor.swift */; };
		6BE75807240A03DD00A09F26 /* SongAlbumViewControllerTests.swift in Sources */ = {isa = PBXBuildFile; fileRef = 6BE75803240A03DD00A09F26 /* SongAlbumViewControllerTests.swift */; };
		6BE75808240A03DD00A09F26 /* SongAlbumInteractorTests.swift in Sources */ = {isa = PBXBuildFile; fileRef = 6BE75804240A03DD00A09F26 /* SongAlbumInteractorTests.swift */; };
		6BE75809240A03DD00A09F26 /* SongAlbumWorkerTests.swift in Sources */ = {isa = PBXBuildFile; fileRef = 6BE75805240A03DD00A09F26 /* SongAlbumWorkerTests.swift */; };
		6BE7580A240A03DD00A09F26 /* SongAlbumPresenterTests.swift in Sources */ = {isa = PBXBuildFile; fileRef = 6BE75806240A03DD00A09F26 /* SongAlbumPresenterTests.swift */; };
/* End PBXBuildFile section */

/* Begin PBXContainerItemProxy section */
		6BB265252408870600929D57 /* PBXContainerItemProxy */ = {
			isa = PBXContainerItemProxy;
			containerPortal = 6BB264E9240865D100929D57 /* Project object */;
			proxyType = 1;
			remoteGlobalIDString = 6BB264F0240865D100929D57;
			remoteInfo = FindYourSong;
		};
/* End PBXContainerItemProxy section */

/* Begin PBXFileReference section */
		6B891215240AE73400CF1589 /* Album.swift */ = {isa = PBXFileReference; lastKnownFileType = sourcecode.swift; path = Album.swift; sourceTree = "<group>"; };
		6BB264F1240865D100929D57 /* FindYourSong.app */ = {isa = PBXFileReference; explicitFileType = wrapper.application; includeInIndex = 0; path = FindYourSong.app; sourceTree = BUILT_PRODUCTS_DIR; };
		6BB264F4240865D100929D57 /* AppDelegate.swift */ = {isa = PBXFileReference; lastKnownFileType = sourcecode.swift; path = AppDelegate.swift; sourceTree = "<group>"; };
		6BB264F6240865D100929D57 /* SceneDelegate.swift */ = {isa = PBXFileReference; lastKnownFileType = sourcecode.swift; path = SceneDelegate.swift; sourceTree = "<group>"; };
		6BB264FB240865D100929D57 /* Base */ = {isa = PBXFileReference; lastKnownFileType = file.storyboard; name = Base; path = Base.lproj/Main.storyboard; sourceTree = "<group>"; };
		6BB264FD240865D200929D57 /* Assets.xcassets */ = {isa = PBXFileReference; lastKnownFileType = folder.assetcatalog; path = Assets.xcassets; sourceTree = "<group>"; };
		6BB26500240865D200929D57 /* Base */ = {isa = PBXFileReference; lastKnownFileType = file.storyboard; name = Base; path = Base.lproj/LaunchScreen.storyboard; sourceTree = "<group>"; };
		6BB26502240865D200929D57 /* Info.plist */ = {isa = PBXFileReference; lastKnownFileType = text.plist.xml; path = Info.plist; sourceTree = "<group>"; };
		6BB265102408855600929D57 /* SendSongPresenter.swift */ = {isa = PBXFileReference; lastKnownFileType = sourcecode.swift; path = SendSongPresenter.swift; sourceTree = "<group>"; };
		6BB265112408855600929D57 /* SendSongWorker.swift */ = {isa = PBXFileReference; lastKnownFileType = sourcecode.swift; path = SendSongWorker.swift; sourceTree = "<group>"; };
		6BB265122408855600929D57 /* SendSongRouter.swift */ = {isa = PBXFileReference; lastKnownFileType = sourcecode.swift; path = SendSongRouter.swift; sourceTree = "<group>"; };
		6BB265132408855600929D57 /* SendSongModels.swift */ = {isa = PBXFileReference; lastKnownFileType = sourcecode.swift; path = SendSongModels.swift; sourceTree = "<group>"; };
		6BB265142408855600929D57 /* SendSongViewController.swift */ = {isa = PBXFileReference; lastKnownFileType = sourcecode.swift; path = SendSongViewController.swift; sourceTree = "<group>"; };
		6BB265152408855600929D57 /* SendSongInteractor.swift */ = {isa = PBXFileReference; lastKnownFileType = sourcecode.swift; path = SendSongInteractor.swift; sourceTree = "<group>"; };
		6BB265202408870600929D57 /* FindYourSongTests.xctest */ = {isa = PBXFileReference; explicitFileType = wrapper.cfbundle; includeInIndex = 0; path = FindYourSongTests.xctest; sourceTree = BUILT_PRODUCTS_DIR; };
		6BB265242408870600929D57 /* Info.plist */ = {isa = PBXFileReference; lastKnownFileType = text.plist.xml; path = Info.plist; sourceTree = "<group>"; };
		6BB2652D2408874B00929D57 /* SendSongViewControllerTests.swift */ = {isa = PBXFileReference; lastKnownFileType = sourcecode.swift; path = SendSongViewControllerTests.swift; sourceTree = "<group>"; };
		6BB2652E2408874B00929D57 /* SendSongInteractorTests.swift */ = {isa = PBXFileReference; lastKnownFileType = sourcecode.swift; path = SendSongInteractorTests.swift; sourceTree = "<group>"; };
		6BB2652F2408874B00929D57 /* SendSongWorkerTests.swift */ = {isa = PBXFileReference; lastKnownFileType = sourcecode.swift; path = SendSongWorkerTests.swift; sourceTree = "<group>"; };
		6BB265302408874B00929D57 /* SendSongPresenterTests.swift */ = {isa = PBXFileReference; lastKnownFileType = sourcecode.swift; path = SendSongPresenterTests.swift; sourceTree = "<group>"; };
		6BB265362408AACF00929D57 /* SongSearchPresenter.swift */ = {isa = PBXFileReference; lastKnownFileType = sourcecode.swift; path = SongSearchPresenter.swift; sourceTree = "<group>"; };
		6BB265372408AACF00929D57 /* SongSearchWorker.swift */ = {isa = PBXFileReference; lastKnownFileType = sourcecode.swift; path = SongSearchWorker.swift; sourceTree = "<group>"; };
		6BB265382408AACF00929D57 /* SongSearchRouter.swift */ = {isa = PBXFileReference; lastKnownFileType = sourcecode.swift; path = SongSearchRouter.swift; sourceTree = "<group>"; };
		6BB265392408AACF00929D57 /* SongSearchModels.swift */ = {isa = PBXFileReference; lastKnownFileType = sourcecode.swift; path = SongSearchModels.swift; sourceTree = "<group>"; };
		6BB2653A2408AACF00929D57 /* SongSearchViewController.swift */ = {isa = PBXFileReference; lastKnownFileType = sourcecode.swift; path = SongSearchViewController.swift; sourceTree = "<group>"; };
		6BB2653B2408AACF00929D57 /* SongSearchInteractor.swift */ = {isa = PBXFileReference; lastKnownFileType = sourcecode.swift; path = SongSearchInteractor.swift; sourceTree = "<group>"; };
		6BB265432408AB2000929D57 /* SongSearchViewControllerTests.swift */ = {isa = PBXFileReference; lastKnownFileType = sourcecode.swift; path = SongSearchViewControllerTests.swift; sourceTree = "<group>"; };
		6BB265442408AB2000929D57 /* SongSearchInteractorTests.swift */ = {isa = PBXFileReference; lastKnownFileType = sourcecode.swift; path = SongSearchInteractorTests.swift; sourceTree = "<group>"; };
		6BB265452408AB2000929D57 /* SongSearchWorkerTests.swift */ = {isa = PBXFileReference; lastKnownFileType = sourcecode.swift; path = SongSearchWorkerTests.swift; sourceTree = "<group>"; };
		6BB265462408AB2000929D57 /* SongSearchPresenterTests.swift */ = {isa = PBXFileReference; lastKnownFileType = sourcecode.swift; path = SongSearchPresenterTests.swift; sourceTree = "<group>"; };
		6BB2654C2408BAC800929D57 /* ItunesData.swift */ = {isa = PBXFileReference; lastKnownFileType = sourcecode.swift; path = ItunesData.swift; sourceTree = "<group>"; };
		6BE757DB2409930600A09F26 /* Song.swift */ = {isa = PBXFileReference; lastKnownFileType = sourcecode.swift; path = Song.swift; sourceTree = "<group>"; };
		6BE757F32409DB8200A09F26 /* ItunesManager.swift */ = {isa = PBXFileReference; lastKnownFileType = sourcecode.swift; path = ItunesManager.swift; sourceTree = "<group>"; };
		6BE757F6240A035800A09F26 /* SongAlbumPresenter.swift */ = {isa = PBXFileReference; lastKnownFileType = sourcecode.swift; path = SongAlbumPresenter.swift; sourceTree = "<group>"; };
		6BE757F7240A035800A09F26 /* SongAlbumWorker.swift */ = {isa = PBXFileReference; lastKnownFileType = sourcecode.swift; path = SongAlbumWorker.swift; sourceTree = "<group>"; };
		6BE757F8240A035800A09F26 /* SongAlbumRouter.swift */ = {isa = PBXFileReference; lastKnownFileType = sourcecode.swift; path = SongAlbumRouter.swift; sourceTree = "<group>"; };
		6BE757F9240A035800A09F26 /* SongAlbumModels.swift */ = {isa = PBXFileReference; lastKnownFileType = sourcecode.swift; path = SongAlbumModels.swift; sourceTree = "<group>"; };
		6BE757FA240A035800A09F26 /* SongAlbumViewController.swift */ = {isa = PBXFileReference; lastKnownFileType = sourcecode.swift; path = SongAlbumViewController.swift; sourceTree = "<group>"; };
		6BE757FB240A035800A09F26 /* SongAlbumInteractor.swift */ = {isa = PBXFileReference; lastKnownFileType = sourcecode.swift; path = SongAlbumInteractor.swift; sourceTree = "<group>"; };
		6BE75803240A03DD00A09F26 /* SongAlbumViewControllerTests.swift */ = {isa = PBXFileReference; lastKnownFileType = sourcecode.swift; path = SongAlbumViewControllerTests.swift; sourceTree = "<group>"; };
		6BE75804240A03DD00A09F26 /* SongAlbumInteractorTests.swift */ = {isa = PBXFileReference; lastKnownFileType = sourcecode.swift; path = SongAlbumInteractorTests.swift; sourceTree = "<group>"; };
		6BE75805240A03DD00A09F26 /* SongAlbumWorkerTests.swift */ = {isa = PBXFileReference; lastKnownFileType = sourcecode.swift; path = SongAlbumWorkerTests.swift; sourceTree = "<group>"; };
		6BE75806240A03DD00A09F26 /* SongAlbumPresenterTests.swift */ = {isa = PBXFileReference; lastKnownFileType = sourcecode.swift; path = SongAlbumPresenterTests.swift; sourceTree = "<group>"; };
/* End PBXFileReference section */

/* Begin PBXFrameworksBuildPhase section */
		6BB264EE240865D100929D57 /* Frameworks */ = {
			isa = PBXFrameworksBuildPhase;
			buildActionMask = 2147483647;
			files = (
			);
			runOnlyForDeploymentPostprocessing = 0;
		};
		6BB2651D2408870600929D57 /* Frameworks */ = {
			isa = PBXFrameworksBuildPhase;
			buildActionMask = 2147483647;
			files = (
			);
			runOnlyForDeploymentPostprocessing = 0;
		};
/* End PBXFrameworksBuildPhase section */

/* Begin PBXGroup section */
		6BB264E8240865D100929D57 = {
			isa = PBXGroup;
			children = (
				6BB264F3240865D100929D57 /* FindYourSong */,
				6BB265212408870600929D57 /* FindYourSongTests */,
				6BB264F2240865D100929D57 /* Products */,
			);
			sourceTree = "<group>";
		};
		6BB264F2240865D100929D57 /* Products */ = {
			isa = PBXGroup;
			children = (
				6BB264F1240865D100929D57 /* FindYourSong.app */,
				6BB265202408870600929D57 /* FindYourSongTests.xctest */,
			);
			name = Products;
			sourceTree = "<group>";
		};
		6BB264F3240865D100929D57 /* FindYourSong */ = {
			isa = PBXGroup;
			children = (
				6BB2654B2408BAA000929D57 /* APIs */,
				6BB2650F240884A100929D57 /* Scenes */,
				6BB264F4240865D100929D57 /* AppDelegate.swift */,
				6BB264F6240865D100929D57 /* SceneDelegate.swift */,
				6BB264FA240865D100929D57 /* Main.storyboard */,
				6BB264FD240865D200929D57 /* Assets.xcassets */,
				6BB264FF240865D200929D57 /* LaunchScreen.storyboard */,
				6BB26502240865D200929D57 /* Info.plist */,
			);
			path = FindYourSong;
			sourceTree = "<group>";
		};
		6BB2650F240884A100929D57 /* Scenes */ = {
			isa = PBXGroup;
			children = (
				6BB2652C2408873800929D57 /* SendSong */,
				6BB265352408AAA800929D57 /* SongSearch */,
				6BE757F5240A031700A09F26 /* SongAlbum */,
			);
			path = Scenes;
			sourceTree = "<group>";
		};
		6BB265212408870600929D57 /* FindYourSongTests */ = {
			isa = PBXGroup;
			children = (
				6BB2652A2408872A00929D57 /* Scenes */,
				6BB265242408870600929D57 /* Info.plist */,
			);
			path = FindYourSongTests;
			sourceTree = "<group>";
		};
		6BB2652A2408872A00929D57 /* Scenes */ = {
			isa = PBXGroup;
			children = (
				6BB2652B2408872E00929D57 /* SendSong */,
				6BB265422408AB1000929D57 /* SongSearch */,
				6BE75802240A03C300A09F26 /* SongAlbum */,
			);
			path = Scenes;
			sourceTree = "<group>";
		};
		6BB2652B2408872E00929D57 /* SendSong */ = {
			isa = PBXGroup;
			children = (
				6BB2652D2408874B00929D57 /* SendSongViewControllerTests.swift */,
				6BB2652E2408874B00929D57 /* SendSongInteractorTests.swift */,
				6BB2652F2408874B00929D57 /* SendSongWorkerTests.swift */,
				6BB265302408874B00929D57 /* SendSongPresenterTests.swift */,
			);
			path = SendSong;
			sourceTree = "<group>";
		};
		6BB2652C2408873800929D57 /* SendSong */ = {
			isa = PBXGroup;
			children = (
				6BB265102408855600929D57 /* SendSongPresenter.swift */,
				6BB265112408855600929D57 /* SendSongWorker.swift */,
				6BB265122408855600929D57 /* SendSongRouter.swift */,
				6BB265132408855600929D57 /* SendSongModels.swift */,
				6BB265142408855600929D57 /* SendSongViewController.swift */,
				6BB265152408855600929D57 /* SendSongInteractor.swift */,
			);
			path = SendSong;
			sourceTree = "<group>";
		};
		6BB265352408AAA800929D57 /* SongSearch */ = {
			isa = PBXGroup;
			children = (
				6BB265362408AACF00929D57 /* SongSearchPresenter.swift */,
				6BB265372408AACF00929D57 /* SongSearchWorker.swift */,
				6BB265382408AACF00929D57 /* SongSearchRouter.swift */,
				6BB265392408AACF00929D57 /* SongSearchModels.swift */,
				6BB2653A2408AACF00929D57 /* SongSearchViewController.swift */,
				6BB2653B2408AACF00929D57 /* SongSearchInteractor.swift */,
			);
			path = SongSearch;
			sourceTree = "<group>";
		};
		6BB265422408AB1000929D57 /* SongSearch */ = {
			isa = PBXGroup;
			children = (
				6BB265432408AB2000929D57 /* SongSearchViewControllerTests.swift */,
				6BB265442408AB2000929D57 /* SongSearchInteractorTests.swift */,
				6BB265452408AB2000929D57 /* SongSearchWorkerTests.swift */,
				6BB265462408AB2000929D57 /* SongSearchPresenterTests.swift */,
			);
			path = SongSearch;
			sourceTree = "<group>";
		};
		6BB2654B2408BAA000929D57 /* APIs */ = {
			isa = PBXGroup;
			children = (
				6BE757D924098F1D00A09F26 /* Itunes */,
			);
			path = APIs;
			sourceTree = "<group>";
		};
		6BE757D924098F1D00A09F26 /* Itunes */ = {
			isa = PBXGroup;
			children = (
				6BB2654C2408BAC800929D57 /* ItunesData.swift */,
				6BE757F32409DB8200A09F26 /* ItunesManager.swift */,
				6BE757DB2409930600A09F26 /* Song.swift */,
				6B891215240AE73400CF1589 /* Album.swift */,
			);
			path = Itunes;
			sourceTree = "<group>";
		};
		6BE757F5240A031700A09F26 /* SongAlbum */ = {
			isa = PBXGroup;
			children = (
				6BE757F6240A035800A09F26 /* SongAlbumPresenter.swift */,
				6BE757F7240A035800A09F26 /* SongAlbumWorker.swift */,
				6BE757F8240A035800A09F26 /* SongAlbumRouter.swift */,
				6BE757F9240A035800A09F26 /* SongAlbumModels.swift */,
				6BE757FA240A035800A09F26 /* SongAlbumViewController.swift */,
				6BE757FB240A035800A09F26 /* SongAlbumInteractor.swift */,
			);
			path = SongAlbum;
			sourceTree = "<group>";
		};
		6BE75802240A03C300A09F26 /* SongAlbum */ = {
			isa = PBXGroup;
			children = (
				6BE75803240A03DD00A09F26 /* SongAlbumViewControllerTests.swift */,
				6BE75804240A03DD00A09F26 /* SongAlbumInteractorTests.swift */,
				6BE75805240A03DD00A09F26 /* SongAlbumWorkerTests.swift */,
				6BE75806240A03DD00A09F26 /* SongAlbumPresenterTests.swift */,
			);
			path = SongAlbum;
			sourceTree = "<group>";
		};
/* End PBXGroup section */

/* Begin PBXNativeTarget section */
		6BB264F0240865D100929D57 /* FindYourSong */ = {
			isa = PBXNativeTarget;
			buildConfigurationList = 6BB26505240865D200929D57 /* Build configuration list for PBXNativeTarget "FindYourSong" */;
			buildPhases = (
				6BB264ED240865D100929D57 /* Sources */,
				6BB264EE240865D100929D57 /* Frameworks */,
				6BB264EF240865D100929D57 /* Resources */,
			);
			buildRules = (
			);
			dependencies = (
			);
			name = FindYourSong;
			productName = FindYourSong;
			productReference = 6BB264F1240865D100929D57 /* FindYourSong.app */;
			productType = "com.apple.product-type.application";
		};
		6BB2651F2408870600929D57 /* FindYourSongTests */ = {
			isa = PBXNativeTarget;
			buildConfigurationList = 6BB265272408870600929D57 /* Build configuration list for PBXNativeTarget "FindYourSongTests" */;
			buildPhases = (
				6BB2651C2408870600929D57 /* Sources */,
				6BB2651D2408870600929D57 /* Frameworks */,
				6BB2651E2408870600929D57 /* Resources */,
			);
			buildRules = (
			);
			dependencies = (
				6BB265262408870600929D57 /* PBXTargetDependency */,
			);
			name = FindYourSongTests;
			productName = FindYourSongTests;
			productReference = 6BB265202408870600929D57 /* FindYourSongTests.xctest */;
			productType = "com.apple.product-type.bundle.unit-test";
		};
/* End PBXNativeTarget section */

/* Begin PBXProject section */
		6BB264E9240865D100929D57 /* Project object */ = {
			isa = PBXProject;
			attributes = {
				LastSwiftUpdateCheck = 1130;
				LastUpgradeCheck = 1130;
				ORGANIZATIONNAME = "Fernando Garcia";
				TargetAttributes = {
					6BB264F0240865D100929D57 = {
						CreatedOnToolsVersion = 11.3.1;
					};
					6BB2651F2408870600929D57 = {
						CreatedOnToolsVersion = 11.3.1;
						TestTargetID = 6BB264F0240865D100929D57;
					};
				};
			};
			buildConfigurationList = 6BB264EC240865D100929D57 /* Build configuration list for PBXProject "FindYourSong" */;
			compatibilityVersion = "Xcode 9.3";
			developmentRegion = en;
			hasScannedForEncodings = 0;
			knownRegions = (
				en,
				Base,
			);
			mainGroup = 6BB264E8240865D100929D57;
			productRefGroup = 6BB264F2240865D100929D57 /* Products */;
			projectDirPath = "";
			projectRoot = "";
			targets = (
				6BB264F0240865D100929D57 /* FindYourSong */,
				6BB2651F2408870600929D57 /* FindYourSongTests */,
			);
		};
/* End PBXProject section */

/* Begin PBXResourcesBuildPhase section */
		6BB264EF240865D100929D57 /* Resources */ = {
			isa = PBXResourcesBuildPhase;
			buildActionMask = 2147483647;
			files = (
				6BB26501240865D200929D57 /* LaunchScreen.storyboard in Resources */,
				6BB264FE240865D200929D57 /* Assets.xcassets in Resources */,
				6BB264FC240865D100929D57 /* Main.storyboard in Resources */,
			);
			runOnlyForDeploymentPostprocessing = 0;
		};
		6BB2651E2408870600929D57 /* Resources */ = {
			isa = PBXResourcesBuildPhase;
			buildActionMask = 2147483647;
			files = (
			);
			runOnlyForDeploymentPostprocessing = 0;
		};
/* End PBXResourcesBuildPhase section */

/* Begin PBXSourcesBuildPhase section */
		6BB264ED240865D100929D57 /* Sources */ = {
			isa = PBXSourcesBuildPhase;
			buildActionMask = 2147483647;
			files = (
				6BB264F5240865D100929D57 /* AppDelegate.swift in Sources */,
				6BB265402408AACF00929D57 /* SongSearchViewController.swift in Sources */,
				6BB2653E2408AACF00929D57 /* SongSearchRouter.swift in Sources */,
				6BE757FF240A035800A09F26 /* SongAlbumModels.swift in Sources */,
				6BB2653C2408AACF00929D57 /* SongSearchPresenter.swift in Sources */,
				6BB264F7240865D100929D57 /* SceneDelegate.swift in Sources */,
				6BB265192408855600929D57 /* SendSongModels.swift in Sources */,
				6BB265172408855600929D57 /* SendSongWorker.swift in Sources */,
				6BE757FD240A035800A09F26 /* SongAlbumWorker.swift in Sources */,
				6BB265162408855600929D57 /* SendSongPresenter.swift in Sources */,
				6BB265182408855600929D57 /* SendSongRouter.swift in Sources */,
				6BB2651B2408855600929D57 /* SendSongInteractor.swift in Sources */,
				6BB2653D2408AACF00929D57 /* SongSearchWorker.swift in Sources */,
				6BE757FC240A035800A09F26 /* SongAlbumPresenter.swift in Sources */,
				6BE757FE240A035800A09F26 /* SongAlbumRouter.swift in Sources */,
				6BE757DC2409930600A09F26 /* Song.swift in Sources */,
				6BE75801240A035800A09F26 /* SongAlbumInteractor.swift in Sources */,
				6BB2654D2408BAC800929D57 /* ItunesData.swift in Sources */,
				6BE75800240A035800A09F26 /* SongAlbumViewController.swift in Sources */,
				6BB265412408AACF00929D57 /* SongSearchInteractor.swift in Sources */,
				6BB2653F2408AACF00929D57 /* SongSearchModels.swift in Sources */,
				6BE757F42409DB8200A09F26 /* ItunesManager.swift in Sources */,
				6BB2651A2408855600929D57 /* SendSongViewController.swift in Sources */,
				6B891216240AE73400CF1589 /* Album.swift in Sources */,
			);
			runOnlyForDeploymentPostprocessing = 0;
		};
		6BB2651C2408870600929D57 /* Sources */ = {
			isa = PBXSourcesBuildPhase;
			buildActionMask = 2147483647;
			files = (
				6BB265312408874B00929D57 /* SendSongViewControllerTests.swift in Sources */,
				6BE75808240A03DD00A09F26 /* SongAlbumInteractorTests.swift in Sources */,
				6BB2654A2408AB2000929D57 /* SongSearchPresenterTests.swift in Sources */,
				6BE75809240A03DD00A09F26 /* SongAlbumWorkerTests.swift in Sources */,
				6BB265472408AB2000929D57 /* SongSearchViewControllerTests.swift in Sources */,
				6BB265332408874B00929D57 /* SendSongWorkerTests.swift in Sources */,
				6BB265492408AB2000929D57 /* SongSearchWorkerTests.swift in Sources */,
				6BB265322408874B00929D57 /* SendSongInteractorTests.swift in Sources */,
				6BB265342408874B00929D57 /* SendSongPresenterTests.swift in Sources */,
				6BE75807240A03DD00A09F26 /* SongAlbumViewControllerTests.swift in Sources */,
				6BB265482408AB2000929D57 /* SongSearchInteractorTests.swift in Sources */,
				6BE7580A240A03DD00A09F26 /* SongAlbumPresenterTests.swift in Sources */,
			);
			runOnlyForDeploymentPostprocessing = 0;
		};
/* End PBXSourcesBuildPhase section */

/* Begin PBXTargetDependency section */
		6BB265262408870600929D57 /* PBXTargetDependency */ = {
			isa = PBXTargetDependency;
			target = 6BB264F0240865D100929D57 /* FindYourSong */;
			targetProxy = 6BB265252408870600929D57 /* PBXContainerItemProxy */;
		};
/* End PBXTargetDependency section */

/* Begin PBXVariantGroup section */
		6BB264FA240865D100929D57 /* Main.storyboard */ = {
			isa = PBXVariantGroup;
			children = (
				6BB264FB240865D100929D57 /* Base */,
			);
			name = Main.storyboard;
			sourceTree = "<group>";
		};
		6BB264FF240865D200929D57 /* LaunchScreen.storyboard */ = {
			isa = PBXVariantGroup;
			children = (
				6BB26500240865D200929D57 /* Base */,
			);
			name = LaunchScreen.storyboard;
			sourceTree = "<group>";
		};
/* End PBXVariantGroup section */

/* Begin XCBuildConfiguration section */
		6BB26503240865D200929D57 /* Debug */ = {
			isa = XCBuildConfiguration;
			buildSettings = {
				ALWAYS_SEARCH_USER_PATHS = NO;
				CLANG_ANALYZER_NONNULL = YES;
				CLANG_ANALYZER_NUMBER_OBJECT_CONVERSION = YES_AGGRESSIVE;
				CLANG_CXX_LANGUAGE_STANDARD = "gnu++14";
				CLANG_CXX_LIBRARY = "libc++";
				CLANG_ENABLE_MODULES = YES;
				CLANG_ENABLE_OBJC_ARC = YES;
				CLANG_ENABLE_OBJC_WEAK = YES;
				CLANG_WARN_BLOCK_CAPTURE_AUTORELEASING = YES;
				CLANG_WARN_BOOL_CONVERSION = YES;
				CLANG_WARN_COMMA = YES;
				CLANG_WARN_CONSTANT_CONVERSION = YES;
				CLANG_WARN_DEPRECATED_OBJC_IMPLEMENTATIONS = YES;
				CLANG_WARN_DIRECT_OBJC_ISA_USAGE = YES_ERROR;
				CLANG_WARN_DOCUMENTATION_COMMENTS = YES;
				CLANG_WARN_EMPTY_BODY = YES;
				CLANG_WARN_ENUM_CONVERSION = YES;
				CLANG_WARN_INFINITE_RECURSION = YES;
				CLANG_WARN_INT_CONVERSION = YES;
				CLANG_WARN_NON_LITERAL_NULL_CONVERSION = YES;
				CLANG_WARN_OBJC_IMPLICIT_RETAIN_SELF = YES;
				CLANG_WARN_OBJC_LITERAL_CONVERSION = YES;
				CLANG_WARN_OBJC_ROOT_CLASS = YES_ERROR;
				CLANG_WARN_RANGE_LOOP_ANALYSIS = YES;
				CLANG_WARN_STRICT_PROTOTYPES = YES;
				CLANG_WARN_SUSPICIOUS_MOVE = YES;
				CLANG_WARN_UNGUARDED_AVAILABILITY = YES_AGGRESSIVE;
				CLANG_WARN_UNREACHABLE_CODE = YES;
				CLANG_WARN__DUPLICATE_METHOD_MATCH = YES;
				COPY_PHASE_STRIP = NO;
				DEBUG_INFORMATION_FORMAT = dwarf;
				ENABLE_STRICT_OBJC_MSGSEND = YES;
				ENABLE_TESTABILITY = YES;
				GCC_C_LANGUAGE_STANDARD = gnu11;
				GCC_DYNAMIC_NO_PIC = NO;
				GCC_NO_COMMON_BLOCKS = YES;
				GCC_OPTIMIZATION_LEVEL = 0;
				GCC_PREPROCESSOR_DEFINITIONS = (
					"DEBUG=1",
					"$(inherited)",
				);
				GCC_WARN_64_TO_32_BIT_CONVERSION = YES;
				GCC_WARN_ABOUT_RETURN_TYPE = YES_ERROR;
				GCC_WARN_UNDECLARED_SELECTOR = YES;
				GCC_WARN_UNINITIALIZED_AUTOS = YES_AGGRESSIVE;
				GCC_WARN_UNUSED_FUNCTION = YES;
				GCC_WARN_UNUSED_VARIABLE = YES;
				IPHONEOS_DEPLOYMENT_TARGET = 13.2;
				MTL_ENABLE_DEBUG_INFO = INCLUDE_SOURCE;
				MTL_FAST_MATH = YES;
				ONLY_ACTIVE_ARCH = YES;
				SDKROOT = iphoneos;
				SWIFT_ACTIVE_COMPILATION_CONDITIONS = DEBUG;
				SWIFT_OPTIMIZATION_LEVEL = "-Onone";
			};
			name = Debug;
		};
		6BB26504240865D200929D57 /* Release */ = {
			isa = XCBuildConfiguration;
			buildSettings = {
				ALWAYS_SEARCH_USER_PATHS = NO;
				CLANG_ANALYZER_NONNULL = YES;
				CLANG_ANALYZER_NUMBER_OBJECT_CONVERSION = YES_AGGRESSIVE;
				CLANG_CXX_LANGUAGE_STANDARD = "gnu++14";
				CLANG_CXX_LIBRARY = "libc++";
				CLANG_ENABLE_MODULES = YES;
				CLANG_ENABLE_OBJC_ARC = YES;
				CLANG_ENABLE_OBJC_WEAK = YES;
				CLANG_WARN_BLOCK_CAPTURE_AUTORELEASING = YES;
				CLANG_WARN_BOOL_CONVERSION = YES;
				CLANG_WARN_COMMA = YES;
				CLANG_WARN_CONSTANT_CONVERSION = YES;
				CLANG_WARN_DEPRECATED_OBJC_IMPLEMENTATIONS = YES;
				CLANG_WARN_DIRECT_OBJC_ISA_USAGE = YES_ERROR;
				CLANG_WARN_DOCUMENTATION_COMMENTS = YES;
				CLANG_WARN_EMPTY_BODY = YES;
				CLANG_WARN_ENUM_CONVERSION = YES;
				CLANG_WARN_INFINITE_RECURSION = YES;
				CLANG_WARN_INT_CONVERSION = YES;
				CLANG_WARN_NON_LITERAL_NULL_CONVERSION = YES;
				CLANG_WARN_OBJC_IMPLICIT_RETAIN_SELF = YES;
				CLANG_WARN_OBJC_LITERAL_CONVERSION = YES;
				CLANG_WARN_OBJC_ROOT_CLASS = YES_ERROR;
				CLANG_WARN_RANGE_LOOP_ANALYSIS = YES;
				CLANG_WARN_STRICT_PROTOTYPES = YES;
				CLANG_WARN_SUSPICIOUS_MOVE = YES;
				CLANG_WARN_UNGUARDED_AVAILABILITY = YES_AGGRESSIVE;
				CLANG_WARN_UNREACHABLE_CODE = YES;
				CLANG_WARN__DUPLICATE_METHOD_MATCH = YES;
				COPY_PHASE_STRIP = NO;
				DEBUG_INFORMATION_FORMAT = "dwarf-with-dsym";
				ENABLE_NS_ASSERTIONS = NO;
				ENABLE_STRICT_OBJC_MSGSEND = YES;
				GCC_C_LANGUAGE_STANDARD = gnu11;
				GCC_NO_COMMON_BLOCKS = YES;
				GCC_WARN_64_TO_32_BIT_CONVERSION = YES;
				GCC_WARN_ABOUT_RETURN_TYPE = YES_ERROR;
				GCC_WARN_UNDECLARED_SELECTOR = YES;
				GCC_WARN_UNINITIALIZED_AUTOS = YES_AGGRESSIVE;
				GCC_WARN_UNUSED_FUNCTION = YES;
				GCC_WARN_UNUSED_VARIABLE = YES;
				IPHONEOS_DEPLOYMENT_TARGET = 13.2;
				MTL_ENABLE_DEBUG_INFO = NO;
				MTL_FAST_MATH = YES;
				SDKROOT = iphoneos;
				SWIFT_COMPILATION_MODE = wholemodule;
				SWIFT_OPTIMIZATION_LEVEL = "-O";
				VALIDATE_PRODUCT = YES;
			};
			name = Release;
		};
		6BB26506240865D200929D57 /* Debug */ = {
			isa = XCBuildConfiguration;
			buildSettings = {
				ASSETCATALOG_COMPILER_APPICON_NAME = AppIcon;
				CODE_SIGN_STYLE = Automatic;
				DEVELOPMENT_TEAM = WJC9VRB854;
				INFOPLIST_FILE = FindYourSong/Info.plist;
				LD_RUNPATH_SEARCH_PATHS = (
					"$(inherited)",
					"@executable_path/Frameworks",
				);
				PRODUCT_BUNDLE_IDENTIFIER = com.fernandoge.FindYourSong;
				PRODUCT_NAME = "$(TARGET_NAME)";
				SWIFT_VERSION = 5.0;
				TARGETED_DEVICE_FAMILY = "1,2";
			};
			name = Debug;
		};
		6BB26507240865D200929D57 /* Release */ = {
			isa = XCBuildConfiguration;
			buildSettings = {
				ASSETCATALOG_COMPILER_APPICON_NAME = AppIcon;
				CODE_SIGN_STYLE = Automatic;
				DEVELOPMENT_TEAM = WJC9VRB854;
				INFOPLIST_FILE = FindYourSong/Info.plist;
				LD_RUNPATH_SEARCH_PATHS = (
					"$(inherited)",
					"@executable_path/Frameworks",
				);
				PRODUCT_BUNDLE_IDENTIFIER = com.fernandoge.FindYourSong;
				PRODUCT_NAME = "$(TARGET_NAME)";
				SWIFT_VERSION = 5.0;
				TARGETED_DEVICE_FAMILY = "1,2";
			};
			name = Release;
		};
		6BB265282408870600929D57 /* Debug */ = {
			isa = XCBuildConfiguration;
			buildSettings = {
				BUNDLE_LOADER = "$(TEST_HOST)";
				CODE_SIGN_STYLE = Automatic;
				DEVELOPMENT_TEAM = WJC9VRB854;
				INFOPLIST_FILE = FindYourSongTests/Info.plist;
				LD_RUNPATH_SEARCH_PATHS = (
					"$(inherited)",
					"@executable_path/Frameworks",
					"@loader_path/Frameworks",
				);
				PRODUCT_BUNDLE_IDENTIFIER = com.fernandoge.FindYourSongTests;
				PRODUCT_NAME = "$(TARGET_NAME)";
				SWIFT_VERSION = 5.0;
				TARGETED_DEVICE_FAMILY = "1,2";
				TEST_HOST = "$(BUILT_PRODUCTS_DIR)/FindYourSong.app/FindYourSong";
			};
			name = Debug;
		};
		6BB265292408870600929D57 /* Release */ = {
			isa = XCBuildConfiguration;
			buildSettings = {
				BUNDLE_LOADER = "$(TEST_HOST)";
				CODE_SIGN_STYLE = Automatic;
				DEVELOPMENT_TEAM = WJC9VRB854;
				INFOPLIST_FILE = FindYourSongTests/Info.plist;
				LD_RUNPATH_SEARCH_PATHS = (
					"$(inherited)",
					"@executable_path/Frameworks",
					"@loader_path/Frameworks",
				);
				PRODUCT_BUNDLE_IDENTIFIER = com.fernandoge.FindYourSongTests;
				PRODUCT_NAME = "$(TARGET_NAME)";
				SWIFT_VERSION = 5.0;
				TARGETED_DEVICE_FAMILY = "1,2";
				TEST_HOST = "$(BUILT_PRODUCTS_DIR)/FindYourSong.app/FindYourSong";
			};
			name = Release;
		};
/* End XCBuildConfiguration section */

/* Begin XCConfigurationList section */
		6BB264EC240865D100929D57 /* Build configuration list for PBXProject "FindYourSong" */ = {
			isa = XCConfigurationList;
			buildConfigurations = (
				6BB26503240865D200929D57 /* Debug */,
				6BB26504240865D200929D57 /* Release */,
			);
			defaultConfigurationIsVisible = 0;
			defaultConfigurationName = Release;
		};
		6BB26505240865D200929D57 /* Build configuration list for PBXNativeTarget "FindYourSong" */ = {
			isa = XCConfigurationList;
			buildConfigurations = (
				6BB26506240865D200929D57 /* Debug */,
				6BB26507240865D200929D57 /* Release */,
			);
			defaultConfigurationIsVisible = 0;
			defaultConfigurationName = Release;
		};
		6BB265272408870600929D57 /* Build configuration list for PBXNativeTarget "FindYourSongTests" */ = {
			isa = XCConfigurationList;
			buildConfigurations = (
				6BB265282408870600929D57 /* Debug */,
				6BB265292408870600929D57 /* Release */,
			);
			defaultConfigurationIsVisible = 0;
			defaultConfigurationName = Release;
		};
/* End XCConfigurationList section */
	};
	rootObject = 6BB264E9240865D100929D57 /* Project object */;
}
